
Microsoft Visual Studio Solution File, Format Version 12.00
# Visual Studio Version 17
VisualStudioVersion = 17.3.32811.315
MinimumVisualStudioVersion = 10.0.40219.1
Project("{FAE04EC0-301F-11D3-BF4B-00C04F79EFBC}") = "ClarissaJoy.PrePrelimExam", "ClarissaJoy.PrePrelimExam\ClarissaJoy.PrePrelimExam.csproj", "{F4BBE5DE-6FEF-4054-ADDC-F059318B88A6}"
EndProject
Global
	GlobalSection(SolutionConfigurationPlatforms) = preSolution
		Debug|Any CPU = Debug|Any CPU
		Release|Any CPU = Release|Any CPU
	EndGlobalSection
	GlobalSection(ProjectConfigurationPlatforms) = postSolution
		{F4BBE5DE-6FEF-4054-ADDC-F059318B88A6}.Debug|Any CPU.ActiveCfg = Debug|Any CPU
		{F4BBE5DE-6FEF-4054-ADDC-F059318B88A6}.Debug|Any CPU.Build.0 = Debug|Any CPU
		{F4BBE5DE-6FEF-4054-ADDC-F059318B88A6}.Release|Any CPU.ActiveCfg = Release|Any CPU
		{F4BBE5DE-6FEF-4054-ADDC-F059318B88A6}.Release|Any CPU.Build.0 = Release|Any CPU
	EndGlobalSection
	GlobalSection(SolutionProperties) = preSolution
		HideSolutionNode = FALSE
	EndGlobalSection
	GlobalSection(ExtensibilityGlobals) = postSolution
		SolutionGuid = {1E64CC52-258F-4F10-B19E-7A196CCAC840}
	EndGlobalSection
EndGlobal
